
Microsoft Visual Studio Solution File, Format Version 12.00
# Visual Studio 2013
VisualStudioVersion = 12.0.40629.0
MinimumVisualStudioVersion = 10.0.40219.1
Project("{8BC9CEB8-8B4A-11D0-8D11-00A0C91BC942}") = "dfgTest", "dfgTest.vcxproj", "{C6B0629E-6FA8-4981-979D-066981EE480F}"
EndProject
Project("{2150E333-8FDC-42A3-9474-1A3956D46DE8}") = "Examples", "Examples", "{1F1C9195-1221-483F-90FC-5E9F74B5D3B1}"
EndProject
Project("{8BC9CEB8-8B4A-11D0-8D11-00A0C91BC942}") = "dfgTestQt", "..\dfgTestQt\dfgTestQt.vcxproj", "{B12702AD-ABFB-343A-A199-8E24837244A3}"
EndProject
Project("{8BC9CEB8-8B4A-11D0-8D11-00A0C91BC942}") = "csvItemModelExample", "..\dfgExamples\csvItemModelExample\csvItemModelExample.vcxproj", "{BD09013C-3577-4CA8-96EE-7CC984550615}"
EndProject
Project("{8BC9CEB8-8B4A-11D0-8D11-00A0C91BC942}") = "spectrumColourExample", "..\dfgExamples\spectrumColourExample\spectrumColourExample.vcxproj", "{E692D139-AEE3-4FB2-B9D9-CEDAB0DBA55C}"
EndProject
Project("{8BC9CEB8-8B4A-11D0-8D11-00A0C91BC942}") = "csvExample", "..\dfgExamples\csvExample\csvExample.vcxproj", "{FD23B569-6215-43C5-AA06-63F9ADFEA257}"
EndProject
Global
	GlobalSection(SolutionConfigurationPlatforms) = preSolution
		Debug_VC2010|MinGW = Debug_VC2010|MinGW
		Debug_VC2010|Win32 = Debug_VC2010|Win32
		Debug_VC2010|x64 = Debug_VC2010|x64
		Debug_VC2012|MinGW = Debug_VC2012|MinGW
		Debug_VC2012|Win32 = Debug_VC2012|Win32
		Debug_VC2012|x64 = Debug_VC2012|x64
		Debug_VC2013|MinGW = Debug_VC2013|MinGW
		Debug_VC2013|Win32 = Debug_VC2013|Win32
		Debug_VC2013|x64 = Debug_VC2013|x64
		Debug_VC2015|MinGW = Debug_VC2015|MinGW
		Debug_VC2015|Win32 = Debug_VC2015|Win32
		Debug_VC2015|x64 = Debug_VC2015|x64
		MinGW|MinGW = MinGW|MinGW
		MinGW|Win32 = MinGW|Win32
		MinGW|x64 = MinGW|x64
		Release_VC2010|MinGW = Release_VC2010|MinGW
		Release_VC2010|Win32 = Release_VC2010|Win32
		Release_VC2010|x64 = Release_VC2010|x64
		Release_VC2012|MinGW = Release_VC2012|MinGW
		Release_VC2012|Win32 = Release_VC2012|Win32
		Release_VC2012|x64 = Release_VC2012|x64
		Release_VC2013|MinGW = Release_VC2013|MinGW
		Release_VC2013|Win32 = Release_VC2013|Win32
		Release_VC2013|x64 = Release_VC2013|x64
		Release_VC2015|MinGW = Release_VC2015|MinGW
		Release_VC2015|Win32 = Release_VC2015|Win32
		Release_VC2015|x64 = Release_VC2015|x64
	EndGlobalSection
	GlobalSection(ProjectConfigurationPlatforms) = postSolution
		{C6B0629E-6FA8-4981-979D-066981EE480F}.Debug_VC2010|MinGW.ActiveCfg = Debug_VC2010|MinGW
		{C6B0629E-6FA8-4981-979D-066981EE480F}.Debug_VC2010|Win32.ActiveCfg = Debug_VC2010|Win32
		{C6B0629E-6FA8-4981-979D-066981EE480F}.Debug_VC2010|Win32.Build.0 = Debug_VC2010|Win32
		{C6B0629E-6FA8-4981-979D-066981EE480F}.Debug_VC2010|x64.ActiveCfg = Debug_VC2010|x64
		{C6B0629E-6FA8-4981-979D-066981EE480F}.Debug_VC2010|x64.Build.0 = Debug_VC2010|x64
		{C6B0629E-6FA8-4981-979D-066981EE480F}.Debug_VC2012|MinGW.ActiveCfg = Debug_VC2012|Win32
		{C6B0629E-6FA8-4981-979D-066981EE480F}.Debug_VC2012|Win32.ActiveCfg = Debug_VC2012|Win32
		{C6B0629E-6FA8-4981-979D-066981EE480F}.Debug_VC2012|Win32.Build.0 = Debug_VC2012|Win32
		{C6B0629E-6FA8-4981-979D-066981EE480F}.Debug_VC2012|x64.ActiveCfg = Debug_VC2012|x64
		{C6B0629E-6FA8-4981-979D-066981EE480F}.Debug_VC2012|x64.Build.0 = Debug_VC2012|x64
		{C6B0629E-6FA8-4981-979D-066981EE480F}.Debug_VC2013|MinGW.ActiveCfg = Debug_VC2013|Win32
		{C6B0629E-6FA8-4981-979D-066981EE480F}.Debug_VC2013|Win32.ActiveCfg = Debug_VC2013|Win32
		{C6B0629E-6FA8-4981-979D-066981EE480F}.Debug_VC2013|Win32.Build.0 = Debug_VC2013|Win32
		{C6B0629E-6FA8-4981-979D-066981EE480F}.Debug_VC2013|x64.ActiveCfg = Debug_VC2013|x64
		{C6B0629E-6FA8-4981-979D-066981EE480F}.Debug_VC2013|x64.Build.0 = Debug_VC2013|x64
		{C6B0629E-6FA8-4981-979D-066981EE480F}.Debug_VC2015|MinGW.ActiveCfg = Debug_VC2015|MinGW
		{C6B0629E-6FA8-4981-979D-066981EE480F}.Debug_VC2015|MinGW.Build.0 = Debug_VC2015|MinGW
		{C6B0629E-6FA8-4981-979D-066981EE480F}.Debug_VC2015|Win32.ActiveCfg = Debug_VC2015|Win32
		{C6B0629E-6FA8-4981-979D-066981EE480F}.Debug_VC2015|Win32.Build.0 = Debug_VC2015|Win32
		{C6B0629E-6FA8-4981-979D-066981EE480F}.Debug_VC2015|x64.ActiveCfg = Debug_VC2015|x64
		{C6B0629E-6FA8-4981-979D-066981EE480F}.Debug_VC2015|x64.Build.0 = Debug_VC2015|x64
		{C6B0629E-6FA8-4981-979D-066981EE480F}.MinGW|MinGW.ActiveCfg = MinGW|MinGW
		{C6B0629E-6FA8-4981-979D-066981EE480F}.MinGW|MinGW.Build.0 = MinGW|MinGW
		{C6B0629E-6FA8-4981-979D-066981EE480F}.MinGW|Win32.ActiveCfg = MinGW|Win32
		{C6B0629E-6FA8-4981-979D-066981EE480F}.MinGW|x64.ActiveCfg = MinGW|x64
		{C6B0629E-6FA8-4981-979D-066981EE480F}.Release_VC2010|MinGW.ActiveCfg = Release_VC2010|MinGW
		{C6B0629E-6FA8-4981-979D-066981EE480F}.Release_VC2010|Win32.ActiveCfg = Release_VC2010|Win32
		{C6B0629E-6FA8-4981-979D-066981EE480F}.Release_VC2010|Win32.Build.0 = Release_VC2010|Win32
		{C6B0629E-6FA8-4981-979D-066981EE480F}.Release_VC2010|x64.ActiveCfg = Release_VC2010|x64
		{C6B0629E-6FA8-4981-979D-066981EE480F}.Release_VC2010|x64.Build.0 = Release_VC2010|x64
		{C6B0629E-6FA8-4981-979D-066981EE480F}.Release_VC2012|MinGW.ActiveCfg = Release_VC2012|Win32
		{C6B0629E-6FA8-4981-979D-066981EE480F}.Release_VC2012|Win32.ActiveCfg = Release_VC2012|Win32
		{C6B0629E-6FA8-4981-979D-066981EE480F}.Release_VC2012|Win32.Build.0 = Release_VC2012|Win32
		{C6B0629E-6FA8-4981-979D-066981EE480F}.Release_VC2012|x64.ActiveCfg = Release_VC2012|x64
		{C6B0629E-6FA8-4981-979D-066981EE480F}.Release_VC2012|x64.Build.0 = Release_VC2012|x64
		{C6B0629E-6FA8-4981-979D-066981EE480F}.Release_VC2013|MinGW.ActiveCfg = Release_VC2013|Win32
		{C6B0629E-6FA8-4981-979D-066981EE480F}.Release_VC2013|Win32.ActiveCfg = Release_VC2013|Win32
		{C6B0629E-6FA8-4981-979D-066981EE480F}.Release_VC2013|Win32.Build.0 = Release_VC2013|Win32
		{C6B0629E-6FA8-4981-979D-066981EE480F}.Release_VC2013|x64.ActiveCfg = Release_VC2013|x64
		{C6B0629E-6FA8-4981-979D-066981EE480F}.Release_VC2013|x64.Build.0 = Release_VC2013|x64
		{C6B0629E-6FA8-4981-979D-066981EE480F}.Release_VC2015|MinGW.ActiveCfg = Release_VC2015|MinGW
		{C6B0629E-6FA8-4981-979D-066981EE480F}.Release_VC2015|MinGW.Build.0 = Release_VC2015|MinGW
		{C6B0629E-6FA8-4981-979D-066981EE480F}.Release_VC2015|Win32.ActiveCfg = Release_VC2015|Win32
		{C6B0629E-6FA8-4981-979D-066981EE480F}.Release_VC2015|Win32.Build.0 = Release_VC2015|Win32
		{C6B0629E-6FA8-4981-979D-066981EE480F}.Release_VC2015|x64.ActiveCfg = Release_VC2015|x64
		{C6B0629E-6FA8-4981-979D-066981EE480F}.Release_VC2015|x64.Build.0 = Release_VC2015|x64
		{B12702AD-ABFB-343A-A199-8E24837244A3}.Debug_VC2010|MinGW.ActiveCfg = Debug_VC2010|Win32
		{B12702AD-ABFB-343A-A199-8E24837244A3}.Debug_VC2010|Win32.ActiveCfg = Debug_VC2010|Win32
		{B12702AD-ABFB-343A-A199-8E24837244A3}.Debug_VC2010|x64.ActiveCfg = Debug_VC2010|Win32
		{B12702AD-ABFB-343A-A199-8E24837244A3}.Debug_VC2012|MinGW.ActiveCfg = Debug_VC2012|Win32
		{B12702AD-ABFB-343A-A199-8E24837244A3}.Debug_VC2012|Win32.ActiveCfg = Debug_VC2012|Win32
		{B12702AD-ABFB-343A-A199-8E24837244A3}.Debug_VC2012|Win32.Build.0 = Debug_VC2012|Win32
		{B12702AD-ABFB-343A-A199-8E24837244A3}.Debug_VC2012|x64.ActiveCfg = Debug_VC2012|Win32
		{B12702AD-ABFB-343A-A199-8E24837244A3}.Debug_VC2013|MinGW.ActiveCfg = Debug_VC2013|Win32
		{B12702AD-ABFB-343A-A199-8E24837244A3}.Debug_VC2013|Win32.ActiveCfg = Debug_VC2013|Win32
		{B12702AD-ABFB-343A-A199-8E24837244A3}.Debug_VC2013|Win32.Build.0 = Debug_VC2013|Win32
		{B12702AD-ABFB-343A-A199-8E24837244A3}.Debug_VC2013|x64.ActiveCfg = Debug_VC2013|Win32
		{B12702AD-ABFB-343A-A199-8E24837244A3}.Debug_VC2015|MinGW.ActiveCfg = Debug_VC2015|Win32
		{B12702AD-ABFB-343A-A199-8E24837244A3}.Debug_VC2015|Win32.ActiveCfg = Debug_VC2013|Win32
		{B12702AD-ABFB-343A-A199-8E24837244A3}.Debug_VC2015|Win32.Build.0 = Debug_VC2013|Win32
		{B12702AD-ABFB-343A-A199-8E24837244A3}.Debug_VC2015|x64.ActiveCfg = Debug_VC2015|Win32
		{B12702AD-ABFB-343A-A199-8E24837244A3}.MinGW|MinGW.ActiveCfg = MinGW|Win32
		{B12702AD-ABFB-343A-A199-8E24837244A3}.MinGW|Win32.ActiveCfg = MinGW|Win32
		{B12702AD-ABFB-343A-A199-8E24837244A3}.MinGW|x64.ActiveCfg = MinGW|Win32
		{B12702AD-ABFB-343A-A199-8E24837244A3}.Release_VC2010|MinGW.ActiveCfg = Release_VC2010|Win32
		{B12702AD-ABFB-343A-A199-8E24837244A3}.Release_VC2010|Win32.ActiveCfg = Release_VC2010|Win32
		{B12702AD-ABFB-343A-A199-8E24837244A3}.Release_VC2010|x64.ActiveCfg = Release_VC2010|Win32
		{B12702AD-ABFB-343A-A199-8E24837244A3}.Release_VC2012|MinGW.ActiveCfg = Release_VC2012|Win32
		{B12702AD-ABFB-343A-A199-8E24837244A3}.Release_VC2012|Win32.ActiveCfg = Release_VC2012|Win32
		{B12702AD-ABFB-343A-A199-8E24837244A3}.Release_VC2012|Win32.Build.0 = Release_VC2012|Win32
		{B12702AD-ABFB-343A-A199-8E24837244A3}.Release_VC2012|x64.ActiveCfg = Release_VC2012|Win32
		{B12702AD-ABFB-343A-A199-8E24837244A3}.Release_VC2013|MinGW.ActiveCfg = Release_VC2013|Win32
		{B12702AD-ABFB-343A-A199-8E24837244A3}.Release_VC2013|Win32.ActiveCfg = Release_VC2013|Win32
		{B12702AD-ABFB-343A-A199-8E24837244A3}.Release_VC2013|Win32.Build.0 = Release_VC2013|Win32
		{B12702AD-ABFB-343A-A199-8E24837244A3}.Release_VC2013|x64.ActiveCfg = Release_VC2013|Win32
		{B12702AD-ABFB-343A-A199-8E24837244A3}.Release_VC2015|MinGW.ActiveCfg = Release_VC2015|Win32
		{B12702AD-ABFB-343A-A199-8E24837244A3}.Release_VC2015|Win32.ActiveCfg = Release_VC2015|Win32
		{B12702AD-ABFB-343A-A199-8E24837244A3}.Release_VC2015|Win32.Build.0 = Release_VC2015|Win32
		{B12702AD-ABFB-343A-A199-8E24837244A3}.Release_VC2015|x64.ActiveCfg = Release_VC2015|Win32
		{BD09013C-3577-4CA8-96EE-7CC984550615}.Debug_VC2010|MinGW.ActiveCfg = Debug_VC2012|Win32
		{BD09013C-3577-4CA8-96EE-7CC984550615}.Debug_VC2010|Win32.ActiveCfg = Debug_VC2010|Win32
		{BD09013C-3577-4CA8-96EE-7CC984550615}.Debug_VC2010|x64.ActiveCfg = Debug_VC2012|Win32
		{BD09013C-3577-4CA8-96EE-7CC984550615}.Debug_VC2012|MinGW.ActiveCfg = Debug_VC2012|Win32
		{BD09013C-3577-4CA8-96EE-7CC984550615}.Debug_VC2012|Win32.ActiveCfg = Debug_VC2012|Win32
		{BD09013C-3577-4CA8-96EE-7CC984550615}.Debug_VC2012|Win32.Build.0 = Debug_VC2012|Win32
		{BD09013C-3577-4CA8-96EE-7CC984550615}.Debug_VC2012|x64.ActiveCfg = Debug_VC2012|Win32
		{BD09013C-3577-4CA8-96EE-7CC984550615}.Debug_VC2013|MinGW.ActiveCfg = Debug_VC2013|Win32
		{BD09013C-3577-4CA8-96EE-7CC984550615}.Debug_VC2013|Win32.ActiveCfg = Debug_VC2013|Win32
		{BD09013C-3577-4CA8-96EE-7CC984550615}.Debug_VC2013|Win32.Build.0 = Debug_VC2013|Win32
		{BD09013C-3577-4CA8-96EE-7CC984550615}.Debug_VC2013|x64.ActiveCfg = Debug_VC2013|Win32
		{BD09013C-3577-4CA8-96EE-7CC984550615}.Debug_VC2015|MinGW.ActiveCfg = Debug_VC2015|Win32
		{BD09013C-3577-4CA8-96EE-7CC984550615}.Debug_VC2015|Win32.ActiveCfg = Debug_VC2013|Win32
		{BD09013C-3577-4CA8-96EE-7CC984550615}.Debug_VC2015|Win32.Build.0 = Debug_VC2013|Win32
		{BD09013C-3577-4CA8-96EE-7CC984550615}.Debug_VC2015|x64.ActiveCfg = Debug_VC2015|Win32
		{BD09013C-3577-4CA8-96EE-7CC984550615}.MinGW|MinGW.ActiveCfg = MinGW|Win32
		{BD09013C-3577-4CA8-96EE-7CC984550615}.MinGW|Win32.ActiveCfg = MinGW|Win32
		{BD09013C-3577-4CA8-96EE-7CC984550615}.MinGW|x64.ActiveCfg = MinGW|Win32
		{BD09013C-3577-4CA8-96EE-7CC984550615}.Release_VC2010|MinGW.ActiveCfg = Release_VC2012|Win32
		{BD09013C-3577-4CA8-96EE-7CC984550615}.Release_VC2010|Win32.ActiveCfg = Release_VC2010|Win32
		{BD09013C-3577-4CA8-96EE-7CC984550615}.Release_VC2010|x64.ActiveCfg = Release_VC2012|Win32
		{BD09013C-3577-4CA8-96EE-7CC984550615}.Release_VC2012|MinGW.ActiveCfg = Release_VC2012|Win32
		{BD09013C-3577-4CA8-96EE-7CC984550615}.Release_VC2012|Win32.ActiveCfg = Release_VC2012|Win32
		{BD09013C-3577-4CA8-96EE-7CC984550615}.Release_VC2012|Win32.Build.0 = Release_VC2012|Win32
		{BD09013C-3577-4CA8-96EE-7CC984550615}.Release_VC2012|x64.ActiveCfg = Release_VC2012|Win32
		{BD09013C-3577-4CA8-96EE-7CC984550615}.Release_VC2013|MinGW.ActiveCfg = Release_VC2013|Win32
		{BD09013C-3577-4CA8-96EE-7CC984550615}.Release_VC2013|Win32.ActiveCfg = Release_VC2013|Win32
		{BD09013C-3577-4CA8-96EE-7CC984550615}.Release_VC2013|Win32.Build.0 = Release_VC2013|Win32
		{BD09013C-3577-4CA8-96EE-7CC984550615}.Release_VC2013|x64.ActiveCfg = Release_VC2013|Win32
		{BD09013C-3577-4CA8-96EE-7CC984550615}.Release_VC2015|MinGW.ActiveCfg = Release_VC2015|Win32
		{BD09013C-3577-4CA8-96EE-7CC984550615}.Release_VC2015|Win32.ActiveCfg = Release_VC2015|Win32
		{BD09013C-3577-4CA8-96EE-7CC984550615}.Release_VC2015|Win32.Build.0 = Release_VC2015|Win32
		{BD09013C-3577-4CA8-96EE-7CC984550615}.Release_VC2015|x64.ActiveCfg = Release_VC2015|Win32
		{E692D139-AEE3-4FB2-B9D9-CEDAB0DBA55C}.Debug_VC2010|MinGW.ActiveCfg = Debug_VC2012|Win32
		{E692D139-AEE3-4FB2-B9D9-CEDAB0DBA55C}.Debug_VC2010|Win32.ActiveCfg = Debug_VC2010|Win32
		{E692D139-AEE3-4FB2-B9D9-CEDAB0DBA55C}.Debug_VC2010|x64.ActiveCfg = Debug_VC2013|x64
		{E692D139-AEE3-4FB2-B9D9-CEDAB0DBA55C}.Debug_VC2010|x64.Build.0 = Debug_VC2013|x64
		{E692D139-AEE3-4FB2-B9D9-CEDAB0DBA55C}.Debug_VC2012|MinGW.ActiveCfg = Debug_VC2012|Win32
		{E692D139-AEE3-4FB2-B9D9-CEDAB0DBA55C}.Debug_VC2012|Win32.ActiveCfg = Debug_VC2012|Win32
		{E692D139-AEE3-4FB2-B9D9-CEDAB0DBA55C}.Debug_VC2012|Win32.Build.0 = Debug_VC2012|Win32
		{E692D139-AEE3-4FB2-B9D9-CEDAB0DBA55C}.Debug_VC2012|x64.ActiveCfg = Debug_VC2012|x64
		{E692D139-AEE3-4FB2-B9D9-CEDAB0DBA55C}.Debug_VC2012|x64.Build.0 = Debug_VC2012|x64
		{E692D139-AEE3-4FB2-B9D9-CEDAB0DBA55C}.Debug_VC2013|MinGW.ActiveCfg = Debug_VC2013|Win32
		{E692D139-AEE3-4FB2-B9D9-CEDAB0DBA55C}.Debug_VC2013|Win32.ActiveCfg = Debug_VC2013|Win32
		{E692D139-AEE3-4FB2-B9D9-CEDAB0DBA55C}.Debug_VC2013|Win32.Build.0 = Debug_VC2013|Win32
		{E692D139-AEE3-4FB2-B9D9-CEDAB0DBA55C}.Debug_VC2013|x64.ActiveCfg = Debug_VC2013|x64
		{E692D139-AEE3-4FB2-B9D9-CEDAB0DBA55C}.Debug_VC2013|x64.Build.0 = Debug_VC2013|x64
		{E692D139-AEE3-4FB2-B9D9-CEDAB0DBA55C}.Debug_VC2015|MinGW.ActiveCfg = Debug_VC2015|Win32
		{E692D139-AEE3-4FB2-B9D9-CEDAB0DBA55C}.Debug_VC2015|Win32.ActiveCfg = Debug_VC2013|Win32
		{E692D139-AEE3-4FB2-B9D9-CEDAB0DBA55C}.Debug_VC2015|Win32.Build.0 = Debug_VC2013|Win32
		{E692D139-AEE3-4FB2-B9D9-CEDAB0DBA55C}.Debug_VC2015|x64.ActiveCfg = Debug_VC2015|x64
		{E692D139-AEE3-4FB2-B9D9-CEDAB0DBA55C}.Debug_VC2015|x64.Build.0 = Debug_VC2015|x64
		{E692D139-AEE3-4FB2-B9D9-CEDAB0DBA55C}.MinGW|MinGW.ActiveCfg = MinGW|Win32
		{E692D139-AEE3-4FB2-B9D9-CEDAB0DBA55C}.MinGW|Win32.ActiveCfg = MinGW|Win32
		{E692D139-AEE3-4FB2-B9D9-CEDAB0DBA55C}.MinGW|x64.ActiveCfg = MinGW|x64
		{E692D139-AEE3-4FB2-B9D9-CEDAB0DBA55C}.MinGW|x64.Build.0 = MinGW|x64
		{E692D139-AEE3-4FB2-B9D9-CEDAB0DBA55C}.Release_VC2010|MinGW.ActiveCfg = Release_VC2012|Win32
		{E692D139-AEE3-4FB2-B9D9-CEDAB0DBA55C}.Release_VC2010|Win32.ActiveCfg = Release_VC2010|Win32
		{E692D139-AEE3-4FB2-B9D9-CEDAB0DBA55C}.Release_VC2010|x64.ActiveCfg = Release_VC2013|x64
		{E692D139-AEE3-4FB2-B9D9-CEDAB0DBA55C}.Release_VC2010|x64.Build.0 = Release_VC2013|x64
		{E692D139-AEE3-4FB2-B9D9-CEDAB0DBA55C}.Release_VC2012|MinGW.ActiveCfg = Release_VC2012|Win32
		{E692D139-AEE3-4FB2-B9D9-CEDAB0DBA55C}.Release_VC2012|Win32.ActiveCfg = Release_VC2012|Win32
		{E692D139-AEE3-4FB2-B9D9-CEDAB0DBA55C}.Release_VC2012|Win32.Build.0 = Release_VC2012|Win32
		{E692D139-AEE3-4FB2-B9D9-CEDAB0DBA55C}.Release_VC2012|x64.ActiveCfg = Release_VC2012|x64
		{E692D139-AEE3-4FB2-B9D9-CEDAB0DBA55C}.Release_VC2012|x64.Build.0 = Release_VC2012|x64
		{E692D139-AEE3-4FB2-B9D9-CEDAB0DBA55C}.Release_VC2013|MinGW.ActiveCfg = Release_VC2013|Win32
		{E692D139-AEE3-4FB2-B9D9-CEDAB0DBA55C}.Release_VC2013|Win32.ActiveCfg = Release_VC2013|Win32
		{E692D139-AEE3-4FB2-B9D9-CEDAB0DBA55C}.Release_VC2013|Win32.Build.0 = Release_VC2013|Win32
		{E692D139-AEE3-4FB2-B9D9-CEDAB0DBA55C}.Release_VC2013|x64.ActiveCfg = Release_VC2013|x64
		{E692D139-AEE3-4FB2-B9D9-CEDAB0DBA55C}.Release_VC2013|x64.Build.0 = Release_VC2013|x64
		{E692D139-AEE3-4FB2-B9D9-CEDAB0DBA55C}.Release_VC2015|MinGW.ActiveCfg = Release_VC2015|Win32
		{E692D139-AEE3-4FB2-B9D9-CEDAB0DBA55C}.Release_VC2015|Win32.ActiveCfg = Release_VC2015|Win32
		{E692D139-AEE3-4FB2-B9D9-CEDAB0DBA55C}.Release_VC2015|Win32.Build.0 = Release_VC2015|Win32
		{E692D139-AEE3-4FB2-B9D9-CEDAB0DBA55C}.Release_VC2015|x64.ActiveCfg = Release_VC2015|x64
		{E692D139-AEE3-4FB2-B9D9-CEDAB0DBA55C}.Release_VC2015|x64.Build.0 = Release_VC2015|x64
		{FD23B569-6215-43C5-AA06-63F9ADFEA257}.Debug_VC2010|MinGW.ActiveCfg = Debug_VC2010|Win32
		{FD23B569-6215-43C5-AA06-63F9ADFEA257}.Debug_VC2010|Win32.ActiveCfg = Debug_VC2010|Win32
		{FD23B569-6215-43C5-AA06-63F9ADFEA257}.Debug_VC2010|x64.ActiveCfg = Debug_VC2010|Win32
		{FD23B569-6215-43C5-AA06-63F9ADFEA257}.Debug_VC2012|MinGW.ActiveCfg = Debug_VC2010|Win32
		{FD23B569-6215-43C5-AA06-63F9ADFEA257}.Debug_VC2012|Win32.ActiveCfg = Debug_VC2012|Win32
		{FD23B569-6215-43C5-AA06-63F9ADFEA257}.Debug_VC2012|Win32.Build.0 = Debug_VC2012|Win32
		{FD23B569-6215-43C5-AA06-63F9ADFEA257}.Debug_VC2012|x64.ActiveCfg = Debug_VC2010|Win32
		{FD23B569-6215-43C5-AA06-63F9ADFEA257}.Debug_VC2013|MinGW.ActiveCfg = Debug_VC2010|Win32
		{FD23B569-6215-43C5-AA06-63F9ADFEA257}.Debug_VC2013|Win32.ActiveCfg = Debug_VC2013|Win32
		{FD23B569-6215-43C5-AA06-63F9ADFEA257}.Debug_VC2013|Win32.Build.0 = Debug_VC2013|Win32
		{FD23B569-6215-43C5-AA06-63F9ADFEA257}.Debug_VC2013|x64.ActiveCfg = Debug_VC2010|Win32
		{FD23B569-6215-43C5-AA06-63F9ADFEA257}.Debug_VC2015|MinGW.ActiveCfg = Debug_VC2015|MinGW
		{FD23B569-6215-43C5-AA06-63F9ADFEA257}.Debug_VC2015|MinGW.Build.0 = Debug_VC2015|MinGW
		{FD23B569-6215-43C5-AA06-63F9ADFEA257}.Debug_VC2015|Win32.ActiveCfg = Debug_VC2013|Win32
		{FD23B569-6215-43C5-AA06-63F9ADFEA257}.Debug_VC2015|Win32.Build.0 = Debug_VC2013|Win32
		{FD23B569-6215-43C5-AA06-63F9ADFEA257}.Debug_VC2015|x64.ActiveCfg = Debug_VC2015|Win32
		{FD23B569-6215-43C5-AA06-63F9ADFEA257}.MinGW|MinGW.ActiveCfg = MinGW|MinGW
		{FD23B569-6215-43C5-AA06-63F9ADFEA257}.MinGW|Win32.ActiveCfg = MinGW|Win32
		{FD23B569-6215-43C5-AA06-63F9ADFEA257}.MinGW|x64.ActiveCfg = Release_VC2010|Win32
		{FD23B569-6215-43C5-AA06-63F9ADFEA257}.Release_VC2010|MinGW.ActiveCfg = Release_VC2010|Win32
		{FD23B569-6215-43C5-AA06-63F9ADFEA257}.Release_VC2010|Win32.ActiveCfg = Release_VC2010|Win32
		{FD23B569-6215-43C5-AA06-63F9ADFEA257}.Release_VC2010|x64.ActiveCfg = Release_VC2010|Win32
		{FD23B569-6215-43C5-AA06-63F9ADFEA257}.Release_VC2012|MinGW.ActiveCfg = Release_VC2010|Win32
		{FD23B569-6215-43C5-AA06-63F9ADFEA257}.Release_VC2012|Win32.ActiveCfg = Release_VC2012|Win32
		{FD23B569-6215-43C5-AA06-63F9ADFEA257}.Release_VC2012|Win32.Build.0 = Release_VC2012|Win32
		{FD23B569-6215-43C5-AA06-63F9ADFEA257}.Release_VC2012|x64.ActiveCfg = Release_VC2010|Win32
		{FD23B569-6215-43C5-AA06-63F9ADFEA257}.Release_VC2013|MinGW.ActiveCfg = Release_VC2010|Win32
		{FD23B569-6215-43C5-AA06-63F9ADFEA257}.Release_VC2013|Win32.ActiveCfg = Release_VC2013|Win32
		{FD23B569-6215-43C5-AA06-63F9ADFEA257}.Release_VC2013|Win32.Build.0 = Release_VC2013|Win32
		{FD23B569-6215-43C5-AA06-63F9ADFEA257}.Release_VC2013|x64.ActiveCfg = Release_VC2010|Win32
		{FD23B569-6215-43C5-AA06-63F9ADFEA257}.Release_VC2015|MinGW.ActiveCfg = Release_VC2015|MinGW
		{FD23B569-6215-43C5-AA06-63F9ADFEA257}.Release_VC2015|MinGW.Build.0 = Release_VC2015|MinGW
		{FD23B569-6215-43C5-AA06-63F9ADFEA257}.Release_VC2015|Win32.ActiveCfg = Release_VC2015|Win32
		{FD23B569-6215-43C5-AA06-63F9ADFEA257}.Release_VC2015|Win32.Build.0 = Release_VC2015|Win32
		{FD23B569-6215-43C5-AA06-63F9ADFEA257}.Release_VC2015|x64.ActiveCfg = Release_VC2015|Win32
	EndGlobalSection
	GlobalSection(SolutionProperties) = preSolution
		HideSolutionNode = FALSE
	EndGlobalSection
	GlobalSection(NestedProjects) = preSolution
		{BD09013C-3577-4CA8-96EE-7CC984550615} = {1F1C9195-1221-483F-90FC-5E9F74B5D3B1}
		{E692D139-AEE3-4FB2-B9D9-CEDAB0DBA55C} = {1F1C9195-1221-483F-90FC-5E9F74B5D3B1}
		{FD23B569-6215-43C5-AA06-63F9ADFEA257} = {1F1C9195-1221-483F-90FC-5E9F74B5D3B1}
	EndGlobalSection
EndGlobal
