<?xml version="1.0" encoding="utf-8"?>
<Project ToolsVersion="4.0" xmlns="http://schemas.microsoft.com/developer/msbuild/2003">
  <ItemGroup>
    <Filter Include="Source Files">
      <UniqueIdentifier>{4FC737F1-C7A5-4376-A066-2A32D752A2FF}</UniqueIdentifier>
      <Extensions>cpp;c;cc;cxx;def;odl;idl;hpj;bat;asm;asmx</Extensions>
    </Filter>
    <Filter Include="Header Files">
      <UniqueIdentifier>{93995380-89BD-4b04-88EB-625FBE52EBFB}</UniqueIdentifier>
      <Extensions>h;hpp;hxx;hm;inl;inc;xsd</Extensions>
    </Filter>
    <Filter Include="Resource Files">
      <UniqueIdentifier>{67DA6AB6-F800-4c08-8B7A-83BB121AAD01}</UniqueIdentifier>
      <Extensions>rc;ico;cur;bmp;dlg;rc2;rct;bin;rgs;gif;jpg;jpeg;jpe;resx;tiff;tif;png;wav;mfcribbon-ms</Extensions>
    </Filter>
    <Filter Include="gtest">
      <UniqueIdentifier>{7757addc-19f3-4189-b1f4-ced8d00fb184}</UniqueIdentifier>
    </Filter>
    <Filter Include="dfg">
      <UniqueIdentifier>{4db20e1f-f002-4e8f-92b2-413e25b8afb7}</UniqueIdentifier>
    </Filter>
  </ItemGroup>
  <ItemGroup>
    <ClInclude Include="stdafx.h">
      <Filter>Header Files</Filter>
    </ClInclude>
    <ClInclude Include="targetver.h">
      <Filter>Header Files</Filter>
    </ClInclude>
    <ClInclude Include="..\externals\gtest\gtest.h">
      <Filter>gtest</Filter>
    </ClInclude>
    <ClInclude Include="..\dfg\numeric\rescale.hpp">
      <Filter>dfg</Filter>
    </ClInclude>
    <ClInclude Include="..\dfg\root\rootIncludeHelpers.hpp">
      <Filter>dfg</Filter>
    </ClInclude>
    <ClInclude Include="..\dfg\math\roundedUpToMultiple.hpp">
      <Filter>dfg</Filter>
    </ClInclude>
    <ClInclude Include="..\dfg\scopedCaller.hpp">
      <Filter>dfg</Filter>
    </ClInclude>
    <ClInclude Include="..\dfg\io\seekFwdToLine.hpp">
      <Filter>dfg</Filter>
    </ClInclude>
    <ClInclude Include="..\dfg\net\serverHttp.hpp">
      <Filter>dfg</Filter>
    </ClInclude>
    <ClInclude Include="..\dfg\thread\setThreadName.hpp">
      <Filter>dfg</Filter>
    </ClInclude>
    <ClInclude Include="..\dfg\cont\SetVector.hpp">
      <Filter>dfg</Filter>
    </ClInclude>
    <ClInclude Include="..\dfg\math\sign.hpp">
      <Filter>dfg</Filter>
    </ClInclude>
    <ClInclude Include="..\dfg\dataAnalysis\smoothWithNeighbourAverages.hpp">
      <Filter>dfg</Filter>
    </ClInclude>
    <ClInclude Include="..\dfg\dataAnalysis\smoothWithNeighbourMedians.hpp">
      <Filter>dfg</Filter>
    </ClInclude>
    <ClInclude Include="..\dfg\cont\SortedSequence.hpp">
      <Filter>dfg</Filter>
    </ClInclude>
    <ClInclude Include="..\dfg\alg\sortMultiple.hpp">
      <Filter>dfg</Filter>
    </ClInclude>
    <ClInclude Include="..\dfg\alg\sortSingleItem.hpp">
      <Filter>dfg</Filter>
    </ClInclude>
    <ClInclude Include="..\dfg\colour\specRendJw.hpp">
      <Filter>dfg</Filter>
    </ClInclude>
    <ClInclude Include="..\dfg\staticMap.hpp">
      <Filter>dfg</Filter>
    </ClInclude>
    <ClInclude Include="..\dfg\str.hpp">
      <Filter>dfg</Filter>
    </ClInclude>
    <ClInclude Include="..\dfg\strAll.hpp">
      <Filter>dfg</Filter>
    </ClInclude>
    <ClInclude Include="..\dfg\str\strCat.hpp">
      <Filter>dfg</Filter>
    </ClInclude>
    <ClInclude Include="..\dfg\str\strCmp.hpp">
      <Filter>dfg</Filter>
    </ClInclude>
    <ClInclude Include="..\dfg\io\StreamBufferMem.hpp">
      <Filter>dfg</Filter>
    </ClInclude>
    <ClInclude Include="..\dfg\str\string.hpp">
      <Filter>dfg</Filter>
    </ClInclude>
    <ClInclude Include="..\dfg\str\stringFixedCapacity.hpp">
      <Filter>dfg</Filter>
    </ClInclude>
    <ClInclude Include="..\dfg\str\stringLiteralCharToValue.hpp">
      <Filter>dfg</Filter>
    </ClInclude>
    <ClInclude Include="..\dfg\qt\StringMatchDefinition.hpp">
      <Filter>dfg</Filter>
    </ClInclude>
    <ClInclude Include="..\dfg\str\strLen.hpp">
      <Filter>dfg</Filter>
    </ClInclude>
    <ClInclude Include="..\dfg\str\strTo.hpp">
      <Filter>dfg</Filter>
    </ClInclude>
    <ClInclude Include="..\dfg\debug\structuredExceptionHandling.h">
      <Filter>dfg</Filter>
    </ClInclude>
    <ClInclude Include="..\dfg\iter\szIterator.hpp">
      <Filter>dfg</Filter>
    </ClInclude>
    <ClInclude Include="..\dfg\SzPtr.hpp">
      <Filter>dfg</Filter>
    </ClInclude>
    <ClInclude Include="..\dfg\SzPtrTypes.hpp">
      <Filter>dfg</Filter>
    </ClInclude>
    <ClInclude Include="..\dfg\cont\table.hpp">
      <Filter>dfg</Filter>
    </ClInclude>
    <ClInclude Include="..\dfg\cont\tableCsv.hpp">
      <Filter>dfg</Filter>
    </ClInclude>
    <ClInclude Include="..\dfg\qt\TableEditor.hpp">
      <Filter>dfg</Filter>
    </ClInclude>
    <ClInclude Include="..\dfg\qt\TableView.hpp">
      <Filter>dfg</Filter>
    </ClInclude>
    <ClInclude Include="..\dfg\qt\tableViewUndoCommands.hpp">
      <Filter>dfg</Filter>
    </ClInclude>
    <ClInclude Include="..\dfg\os\TemporaryFileStream.hpp">
      <Filter>dfg</Filter>
    </ClInclude>
    <ClInclude Include="..\dfg\io\textEncodingTypes.hpp">
      <Filter>dfg</Filter>
    </ClInclude>
    <ClInclude Include="..\dfg\textualLogic.hpp">
      <Filter>dfg</Filter>
    </ClInclude>
    <ClInclude Include="..\dfg\threadAll.hpp">
      <Filter>dfg</Filter>
    </ClInclude>
    <ClInclude Include="..\dfg\time.hpp">
      <Filter>dfg</Filter>
    </ClInclude>
    <ClInclude Include="..\dfg\timeAll.hpp">
      <Filter>dfg</Filter>
    </ClInclude>
    <ClInclude Include="..\dfg\time\timerCpu.hpp">
      <Filter>dfg</Filter>
    </ClInclude>
    <ClInclude Include="..\dfg\cont\TorRef.hpp">
      <Filter>dfg</Filter>
    </ClInclude>
    <ClInclude Include="..\dfg\numeric\trimByPercentileRange.hpp">
      <Filter>dfg</Filter>
    </ClInclude>
    <ClInclude Include="..\dfg\cont\TrivialPair.hpp">
      <Filter>dfg</Filter>
    </ClInclude>
    <ClInclude Include="..\dfg\typeTraits.hpp">
      <Filter>dfg</Filter>
    </ClInclude>
    <ClInclude Include="..\dfg\utf\utf8_cpp\utf8\unchecked.h">
      <Filter>dfg</Filter>
    </ClInclude>
    <ClInclude Include="..\dfg\cont\UniqueResourceHolder.hpp">
      <Filter>dfg</Filter>
    </ClInclude>
    <ClInclude Include="..\dfg\utf.hpp">
      <Filter>dfg</Filter>
    </ClInclude>
    <ClInclude Include="..\dfg\utf\utf8_cpp\utf8.h">
      <Filter>dfg</Filter>
    </ClInclude>
    <ClInclude Include="..\dfg\utfAll.hpp">
      <Filter>dfg</Filter>
    </ClInclude>
    <ClInclude Include="..\dfg\utf\utfBom.hpp">
      <Filter>dfg</Filter>
    </ClInclude>
    <ClInclude Include="..\dfg\build\utils.hpp">
      <Filter>dfg</Filter>
    </ClInclude>
    <ClInclude Include="..\dfg\cont\valueArray.hpp">
      <Filter>dfg</Filter>
    </ClInclude>
    <ClInclude Include="..\dfg\cont\Vector.hpp">
      <Filter>dfg</Filter>
    </ClInclude>
    <ClInclude Include="..\dfg\cont\vectorFixedCapacity.hpp">
      <Filter>dfg</Filter>
    </ClInclude>
    <ClInclude Include="..\dfg\numeric\vectorizingLoop.hpp">
      <Filter>dfg</Filter>
    </ClInclude>
    <ClInclude Include="..\dfg\cont\vectorSso.hpp">
      <Filter>dfg</Filter>
    </ClInclude>
    <ClInclude Include="..\dfg\io\widePathStrToFstreamFriendlyNonWide.hpp">
      <Filter>dfg</Filter>
    </ClInclude>
    <ClInclude Include="..\dfg\qt\widgetHelpers.hpp">
      <Filter>dfg</Filter>
    </ClInclude>
    <ClInclude Include="..\dfg\cont\ViewableSharedPtr.hpp">
      <Filter>dfg</Filter>
    </ClInclude>
    <ClInclude Include="..\dfg\os\win.hpp">
      <Filter>dfg</Filter>
    </ClInclude>
    <ClInclude Include="..\dfg\math\zeroPosPol1.hpp">
      <Filter>dfg</Filter>
    </ClInclude>
    <ClInclude Include="..\dfg\numeric\accumulate.hpp">
      <Filter>dfg</Filter>
    </ClInclude>
    <ClInclude Include="..\dfg\alg.hpp">
      <Filter>dfg</Filter>
    </ClInclude>
    <ClInclude Include="..\dfg\algAll.hpp">
      <Filter>dfg</Filter>
    </ClInclude>
    <ClInclude Include="..\dfg\numeric\algNumeric.hpp">
      <Filter>dfg</Filter>
    </ClInclude>
    <ClInclude Include="..\dfg\alg\arrayCopy.hpp">
      <Filter>dfg</Filter>
    </ClInclude>
    <ClInclude Include="..\dfg\cont\arrayWrapper.hpp">
      <Filter>dfg</Filter>
    </ClInclude>
    <ClInclude Include="..\dfg\numeric\average.hpp">
      <Filter>dfg</Filter>
    </ClInclude>
    <ClInclude Include="..\dfg\baseConstructorDelegate.hpp">
      <Filter>dfg</Filter>
    </ClInclude>
    <ClInclude Include="..\dfg\io\BasicIfStream.hpp">
      <Filter>dfg</Filter>
    </ClInclude>
    <ClInclude Include="..\dfg\io\BasicImStream.hpp">
      <Filter>dfg</Filter>
    </ClInclude>
    <ClInclude Include="..\dfg\io\BasicIStream.hpp">
      <Filter>dfg</Filter>
    </ClInclude>
    <ClInclude Include="..\dfg\io\BasicIStreamCRTP.hpp">
      <Filter>dfg</Filter>
    </ClInclude>
    <ClInclude Include="..\dfg\io\BasicOmcByteStream.hpp">
      <Filter>dfg</Filter>
    </ClInclude>
    <ClInclude Include="..\dfg\bits.hpp">
      <Filter>dfg</Filter>
    </ClInclude>
    <ClInclude Include="..\dfg\buildConfig.hpp">
      <Filter>dfg</Filter>
    </ClInclude>
    <ClInclude Include="..\dfg\build\buildTimeDetails.hpp">
      <Filter>dfg</Filter>
    </ClInclude>
    <ClInclude Include="..\dfg\bits\byteSwap.hpp">
      <Filter>dfg</Filter>
    </ClInclude>
    <ClInclude Include="..\dfg\io\checkBom.hpp">
      <Filter>dfg</Filter>
    </ClInclude>
    <ClInclude Include="..\dfg\utf\utf8_cpp\utf8\checked.h">
      <Filter>dfg</Filter>
    </ClInclude>
    <ClInclude Include="..\dfg\colour.hpp">
      <Filter>dfg</Filter>
    </ClInclude>
    <ClInclude Include="..\dfg\build\compilerDetails.hpp">
      <Filter>dfg</Filter>
    </ClInclude>
    <ClInclude Include="..\dfg\preprocessor\compilerInfoMsvc.hpp">
      <Filter>dfg</Filter>
    </ClInclude>
    <ClInclude Include="..\dfg\qt\connectHelper.hpp">
      <Filter>dfg</Filter>
    </ClInclude>
    <ClInclude Include="..\dfg\console.hpp">
      <Filter>dfg</Filter>
    </ClInclude>
    <ClInclude Include="..\dfg\math\constants.hpp">
      <Filter>dfg</Filter>
    </ClInclude>
    <ClInclude Include="..\dfg\physics\constants.hpp">
      <Filter>dfg</Filter>
    </ClInclude>
    <ClInclude Include="..\dfg\cont.hpp">
      <Filter>dfg</Filter>
    </ClInclude>
    <ClInclude Include="..\dfg\cont\contAlg.hpp">
      <Filter>dfg</Filter>
    </ClInclude>
    <ClInclude Include="..\dfg\contAll.hpp">
      <Filter>dfg</Filter>
    </ClInclude>
    <ClInclude Include="..\dfg\utf\utf8_cpp\utf8\core.h">
      <Filter>dfg</Filter>
    </ClInclude>
    <ClInclude Include="..\dfg\dataAnalysis\correlation.hpp">
      <Filter>dfg</Filter>
    </ClInclude>
    <ClInclude Include="..\dfg\io\createInputStream.hpp">
      <Filter>dfg</Filter>
    </ClInclude>
    <ClInclude Include="..\dfg\crypt.hpp">
      <Filter>dfg</Filter>
    </ClInclude>
    <ClInclude Include="..\dfg\io\cstdio.hpp">
      <Filter>dfg</Filter>
    </ClInclude>
    <ClInclude Include="..\dfg\io\fast-cpp-csv-parser\csv.h">
      <Filter>dfg</Filter>
    </ClInclude>
    <ClInclude Include="..\dfg\io\cppcsv_ph\csvbase.hpp">
      <Filter>dfg</Filter>
    </ClInclude>
    <ClInclude Include="..\dfg\cont\CsvConfig.hpp">
      <Filter>dfg</Filter>
    </ClInclude>
    <ClInclude Include="..\dfg\qt\CsvItemModel.hpp">
      <Filter>dfg</Filter>
    </ClInclude>
    <ClInclude Include="..\dfg\io\cppcsv_ph\csvparser.hpp">
      <Filter>dfg</Filter>
    </ClInclude>
    <ClInclude Include="..\dfg\qt\CsvTableView.hpp">
      <Filter>dfg</Filter>
    </ClInclude>
    <ClInclude Include="..\dfg\qt\CsvTableViewActions.hpp">
      <Filter>dfg</Filter>
    </ClInclude>
    <ClInclude Include="..\dfg\qt\CsvTableViewCompleterDelegate.hpp">
      <Filter>dfg</Filter>
    </ClInclude>
    <ClInclude Include="..\dfg\dataAnalysisAll.hpp">
      <Filter>dfg</Filter>
    </ClInclude>
    <ClInclude Include="..\dfg\time\DateTime.hpp">
      <Filter>dfg</Filter>
    </ClInclude>
    <ClInclude Include="..\dfg\debug.hpp">
      <Filter>dfg</Filter>
    </ClInclude>
    <ClInclude Include="..\dfg\debugAll.hpp">
      <Filter>dfg</Filter>
    </ClInclude>
    <ClInclude Include="..\dfg\debug\debugAssert.hpp">
      <Filter>dfg</Filter>
    </ClInclude>
    <ClInclude Include="..\dfg\colour\defs.hpp">
      <Filter>dfg</Filter>
    </ClInclude>
    <ClInclude Include="..\dfg\io\DelimitedTextReader.hpp">
      <Filter>dfg</Filter>
    </ClInclude>
    <ClInclude Include="..\dfg\io\DelimitedTextWriter.hpp">
      <Filter>dfg</Filter>
    </ClInclude>
    <ClInclude Include="..\dfg\dfgAll.hpp">
      <Filter>dfg</Filter>
    </ClInclude>
    <ClInclude Include="..\dfg\dfgAssert.hpp">
      <Filter>dfg</Filter>
    </ClInclude>
    <ClInclude Include="..\dfg\dfgBase.hpp">
      <Filter>dfg</Filter>
    </ClInclude>
    <ClInclude Include="..\dfg\dfgBaseTypedefs.hpp">
      <Filter>dfg</Filter>
    </ClInclude>
    <ClInclude Include="..\dfg\dfgDefs.hpp">
      <Filter>dfg</Filter>
    </ClInclude>
    <ClInclude Include="..\dfg\dfgSimple.hpp">
      <Filter>dfg</Filter>
    </ClInclude>
    <ClInclude Include="..\dfg\cont\elementType.hpp">
      <Filter>dfg</Filter>
    </ClInclude>
    <ClInclude Include="..\dfg\io\EndOfLineTypes.hpp">
      <Filter>dfg</Filter>
    </ClInclude>
    <ClInclude Include="..\dfg\alg\eraseByTailSwap.hpp">
      <Filter>dfg</Filter>
    </ClInclude>
    <ClInclude Include="..\dfg\math\evalPolynomial.hpp">
      <Filter>dfg</Filter>
    </ClInclude>
    <ClInclude Include="..\dfg\os\fileSize.hpp">
      <Filter>dfg</Filter>
    </ClInclude>
    <ClInclude Include="..\dfg\io\fileToByteContainer.hpp">
      <Filter>dfg</Filter>
    </ClInclude>
    <ClInclude Include="..\dfg\alg\find.hpp">
      <Filter>dfg</Filter>
    </ClInclude>
    <ClInclude Include="..\dfg\str\fmtlib\format.h">
      <Filter>dfg</Filter>
    </ClInclude>
    <ClInclude Include="..\dfg\str\format_fmt.hpp">
      <Filter>dfg</Filter>
    </ClInclude>
    <ClInclude Include="..\dfg\func.hpp">
      <Filter>dfg</Filter>
    </ClInclude>
    <ClInclude Include="..\dfg\funcAll.hpp">
      <Filter>dfg</Filter>
    </ClInclude>
    <ClInclude Include="..\dfg\alg\generateAdjacent.hpp">
      <Filter>dfg</Filter>
    </ClInclude>
    <ClInclude Include="..\dfg\guid.hpp">
      <Filter>dfg</Filter>
    </ClInclude>
    <ClInclude Include="..\dfg\hash.hpp">
      <Filter>dfg</Filter>
    </ClInclude>
    <ClInclude Include="..\dfg\reflection\hasMemberFunction.hpp">
      <Filter>dfg</Filter>
    </ClInclude>
    <ClInclude Include="..\dfg\str\hex.hpp">
      <Filter>dfg</Filter>
    </ClInclude>
    <ClInclude Include="..\dfg\io\IfmmStream.hpp">
      <Filter>dfg</Filter>
    </ClInclude>
    <ClInclude Include="..\dfg\io\IfStream.hpp">
      <Filter>dfg</Filter>
    </ClInclude>
    <ClInclude Include="..\dfg\io\ImcByteStream.hpp">
      <Filter>dfg</Filter>
    </ClInclude>
    <ClInclude Include="..\dfg\io\ImStreamWithEncoding.hpp">
      <Filter>dfg</Filter>
    </ClInclude>
    <ClInclude Include="..\dfg\build\inlineTools.hpp">
      <Filter>dfg</Filter>
    </ClInclude>
    <ClInclude Include="..\dfg\numeric\integrate_function_adapt_simpson.h">
      <Filter>dfg</Filter>
    </ClInclude>
    <ClInclude Include="..\dfg\numeric\integration.hpp">
      <Filter>dfg</Filter>
    </ClInclude>
    <ClInclude Include="..\dfg\iter\interleavedIterator.hpp">
      <Filter>dfg</Filter>
    </ClInclude>
    <ClInclude Include="..\dfg\cont\interleavedXsortedTwoChannelWrapper.hpp">
      <Filter>dfg</Filter>
    </ClInclude>
    <ClInclude Include="..\dfg\math\interpolationLinear.hpp">
      <Filter>dfg</Filter>
    </ClInclude>
    <ClInclude Include="..\dfg\math\interval.hpp">
      <Filter>dfg</Filter>
    </ClInclude>
    <ClInclude Include="..\dfg\io.hpp">
      <Filter>dfg</Filter>
    </ClInclude>
    <ClInclude Include="..\dfg\ioAll.hpp">
      <Filter>dfg</Filter>
    </ClInclude>
    <ClInclude Include="..\dfg\iter\IsContiguousMemoryIterator.hpp">
      <Filter>dfg</Filter>
    </ClInclude>
    <ClInclude Include="..\dfg\isValidIndex.hpp">
      <Filter>dfg</Filter>
    </ClInclude>
    <ClInclude Include="..\dfg\iter.hpp">
      <Filter>dfg</Filter>
    </ClInclude>
    <ClInclude Include="..\dfg\iterableForRange.hpp">
      <Filter>dfg</Filter>
    </ClInclude>
    <ClInclude Include="..\dfg\iterAll.hpp">
      <Filter>dfg</Filter>
    </ClInclude>
    <ClInclude Include="..\dfg\iter\iteratorTemplate.hpp">
      <Filter>dfg</Filter>
    </ClInclude>
    <ClInclude Include="..\dfg\cont\detail\keyContainerUtils.hpp">
      <Filter>dfg</Filter>
    </ClInclude>
    <ClInclude Include="..\dfg\build\languageFeatureInfo.hpp">
      <Filter>dfg</Filter>
    </ClInclude>
    <ClInclude Include="..\dfg\cont\MapVector.hpp">
      <Filter>dfg</Filter>
    </ClInclude>
    <ClInclude Include="..\dfg\math.hpp">
      <Filter>dfg</Filter>
    </ClInclude>
    <ClInclude Include="..\dfg\mathAll.hpp">
      <Filter>dfg</Filter>
    </ClInclude>
    <ClInclude Include="..\dfg\numeric\median.hpp">
      <Filter>dfg</Filter>
    </ClInclude>
    <ClInclude Include="..\dfg\func\memFunc.hpp">
      <Filter>dfg</Filter>
    </ClInclude>
    <ClInclude Include="..\dfg\func\memFuncMedian.hpp">
      <Filter>dfg</Filter>
    </ClInclude>
    <ClInclude Include="..\dfg\memory.hpp">
      <Filter>dfg</Filter>
    </ClInclude>
    <ClInclude Include="..\dfg\memoryAll.hpp">
      <Filter>dfg</Filter>
    </ClInclude>
    <ClInclude Include="..\dfg\os\memoryMappedFile.hpp">
      <Filter>dfg</Filter>
    </ClInclude>
    <ClInclude Include="..\dfg\memsetZeroSecure.hpp">
      <Filter>dfg</Filter>
    </ClInclude>
    <ClInclude Include="..\dfg\net.hpp">
      <Filter>dfg</Filter>
    </ClInclude>
    <ClInclude Include="..\dfg\netAll.hpp">
      <Filter>dfg</Filter>
    </ClInclude>
    <ClInclude Include="..\dfg\io\nullOutputStream.hpp">
      <Filter>dfg</Filter>
    </ClInclude>
    <ClInclude Include="..\dfg\numeric.hpp">
      <Filter>dfg</Filter>
    </ClInclude>
    <ClInclude Include="..\dfg\numericAll.hpp">
      <Filter>dfg</Filter>
    </ClInclude>
    <ClInclude Include="..\dfg\numericTypeTools.hpp">
      <Filter>dfg</Filter>
    </ClInclude>
    <ClInclude Include="..\dfg\io\OfStream.hpp">
      <Filter>dfg</Filter>
    </ClInclude>
    <ClInclude Include="..\dfg\io\OmcByteStream.hpp">
      <Filter>dfg</Filter>
    </ClInclude>
    <ClInclude Include="..\dfg\io\OmcStreamWithEncoding.hpp">
      <Filter>dfg</Filter>
    </ClInclude>
    <ClInclude Include="..\dfg\io\openOfStream.hpp">
      <Filter>dfg</Filter>
    </ClInclude>
    <ClInclude Include="..\dfg\os.hpp">
      <Filter>dfg</Filter>
    </ClInclude>
    <ClInclude Include="..\dfg\osAll.hpp">
      <Filter>dfg</Filter>
    </ClInclude>
    <ClInclude Include="..\dfg\iter\OstreamIterator.hpp">
      <Filter>dfg</Filter>
    </ClInclude>
    <ClInclude Include="..\dfg\os\OutputFile.hpp">
      <Filter>dfg</Filter>
    </ClInclude>
    <ClInclude Include="..\dfg\math\pdf.hpp">
      <Filter>dfg</Filter>
    </ClInclude>
    <ClInclude Include="..\dfg\numeric\percentile.hpp">
      <Filter>dfg</Filter>
    </ClInclude>
    <ClInclude Include="..\dfg\numeric\percentileRange.hpp">
      <Filter>dfg</Filter>
    </ClInclude>
    <ClInclude Include="..\dfg\physics.hpp">
      <Filter>dfg</Filter>
    </ClInclude>
    <ClInclude Include="..\dfg\physicsAll.hpp">
      <Filter>dfg</Filter>
    </ClInclude>
    <ClInclude Include="..\dfg\math\pow.hpp">
      <Filter>dfg</Filter>
    </ClInclude>
    <ClInclude Include="..\dfg\preprocessorAll.hpp">
      <Filter>dfg</Filter>
    </ClInclude>
    <ClInclude Include="..\dfg\debug\printToDebugDisplay.hpp">
      <Filter>dfg</Filter>
    </ClInclude>
    <ClInclude Include="..\dfg\qt\PropertyHelper.hpp">
      <Filter>dfg</Filter>
    </ClInclude>
    <ClInclude Include="..\dfg\ptrToContiguousMemory.hpp">
      <Filter>dfg</Filter>
    </ClInclude>
    <ClInclude Include="..\dfg\qt\QtApplication.hpp">
      <Filter>dfg</Filter>
    </ClInclude>
    <ClInclude Include="..\dfg\qt\qtBasic.hpp">
      <Filter>dfg</Filter>
    </ClInclude>
    <ClInclude Include="..\dfg\qt\qtIncludeHelpers.hpp">
      <Filter>dfg</Filter>
    </ClInclude>
    <ClInclude Include="..\dfg\qt\qxt\core\qxtglobal.h">
      <Filter>dfg</Filter>
    </ClInclude>
    <ClInclude Include="..\dfg\qt\qxt\core\qxtnamespace.h">
      <Filter>dfg</Filter>
    </ClInclude>
    <ClInclude Include="..\dfg\qt\qxt\gui\qxtspanslider.h">
      <Filter>dfg</Filter>
    </ClInclude>
    <ClInclude Include="..\dfg\qt\qxt\gui\qxtspanslider_p.h">
      <Filter>dfg</Filter>
    </ClInclude>
    <ClInclude Include="..\dfg\rand.hpp">
      <Filter>dfg</Filter>
    </ClInclude>
    <ClInclude Include="..\dfg\randAll.hpp">
      <Filter>dfg</Filter>
    </ClInclude>
    <ClInclude Include="..\dfg\rangeIterator.hpp">
      <Filter>dfg</Filter>
    </ClInclude>
    <ClInclude Include="..\dfg\alg\rank.hpp">
      <Filter>dfg</Filter>
    </ClInclude>
    <ClInclude Include="..\dfg\iter\RawStorageIterator.hpp">
      <Filter>dfg</Filter>
    </ClInclude>
    <ClInclude Include="..\dfg\io\readBinary.hpp">
      <Filter>dfg</Filter>
    </ClInclude>
    <ClInclude Include="..\dfg\ReadOnlySzParam.hpp">
      <Filter>dfg</Filter>
    </ClInclude>
    <ClInclude Include="..\dfg\os\removeFile.hpp">
      <Filter>dfg</Filter>
    </ClInclude>
    <ClInclude Include="..\dfg\os\renameFileOrDirectory.hpp">
      <Filter>dfg</Filter>
    </ClInclude>
    <ClInclude Include="..\dfg\rand\distributionHelpers.hpp">
      <Filter>dfg</Filter>
    </ClInclude>
    <ClInclude Include="..\dfg\chartsAll.hpp">
      <Filter>dfg</Filter>
    </ClInclude>
    <ClInclude Include="..\dfg\charts\commonChartTools.hpp">
      <Filter>dfg</Filter>
    </ClInclude>
    <ClInclude Include="..\dfg\cont\IntervalSet.hpp">
      <Filter>dfg</Filter>
    </ClInclude>
    <ClInclude Include="..\dfg\cont\IntervalSetSerialization.hpp">
      <Filter>Header Files</Filter>
    </ClInclude>
    <ClInclude Include="..\dfg\cont\MapToStringViews.hpp">
      <Filter>dfg</Filter>
    </ClInclude>
    <ClInclude Include="..\dfg\cont\detail\MapBlockIndex.hpp">
      <Filter>dfg</Filter>
    </ClInclude>
    <ClInclude Include="..\dfg\charts\operations.hpp">
      <Filter>dfg</Filter>
    </ClInclude>
    <ClInclude Include="..\dfg\iter\CustomAccessIterator.hpp">
      <Filter>dfg</Filter>
    </ClInclude>
    <ClInclude Include="..\dfg\math\FormulaParser.hpp">
      <Filter>dfg</Filter>
    </ClInclude>
    <ClInclude Include="..\dfg\OpaquePtr.hpp">
      <Filter>dfg</Filter>
    </ClInclude>
    <ClInclude Include="..\dfg\iter\FunctionValueIterator.hpp">
      <Filter>dfg</Filter>
    </ClInclude>
    <ClInclude Include="..\dfg\stdcpp\stdversion.hpp">
      <Filter>dfg</Filter>
    </ClInclude>
    <ClInclude Include="dfgTest.hpp">
      <Filter>Header Files</Filter>
    </ClInclude>
    <ClInclude Include="..\dfg\CsvFormatDefinition.hpp">
      <Filter>dfg</Filter>
    </ClInclude>
    <ClInclude Include="..\dfg\cont\tableUtils.hpp">
      <Filter>dfg</Filter>
    </ClInclude>
    <ClInclude Include="..\dfg\cont\Flags.hpp">
      <Filter>dfg</Filter>
    </ClInclude>
  </ItemGroup>
  <ItemGroup>
    <ClCompile Include="stdafx.cpp">
      <Filter>Source Files</Filter>
    </ClCompile>
    <ClCompile Include="dfgTest.cpp">
      <Filter>Source Files</Filter>
    </ClCompile>
    <ClCompile Include="..\externals\gtest\gtest-all.cc">
      <Filter>gtest</Filter>
    </ClCompile>
    <ClCompile Include="dfgTestBase.cpp">
      <Filter>Source Files</Filter>
    </ClCompile>
    <ClCompile Include="dfgTestAlg.cpp">
      <Filter>Source Files</Filter>
    </ClCompile>
    <ClCompile Include="dfgTestCont.cpp">
      <Filter>Source Files</Filter>
    </ClCompile>
    <ClCompile Include="dfgTestBits.cpp">
      <Filter>Source Files</Filter>
    </ClCompile>
    <ClCompile Include="dfgTestDataAnalysis.cpp">
      <Filter>Source Files</Filter>
    </ClCompile>
    <ClCompile Include="dfgTestDebug.cpp">
      <Filter>Source Files</Filter>
    </ClCompile>
    <ClCompile Include="dfgTestFunc.cpp">
      <Filter>Source Files</Filter>
    </ClCompile>
    <ClCompile Include="dfgTestGuid.cpp">
      <Filter>Source Files</Filter>
    </ClCompile>
    <ClCompile Include="dfgTestHash.cpp">
      <Filter>Source Files</Filter>
    </ClCompile>
    <ClCompile Include="dfgTestIter.cpp">
      <Filter>Source Files</Filter>
    </ClCompile>
    <ClCompile Include="dfgTestMath.cpp">
      <Filter>Source Files</Filter>
    </ClCompile>
    <ClCompile Include="dfgTestMemory.cpp">
      <Filter>Source Files</Filter>
    </ClCompile>
    <ClCompile Include="dfgTestMisc.cpp">
      <Filter>Source Files</Filter>
    </ClCompile>
    <ClCompile Include="dfgTestNumeric.cpp">
      <Filter>Source Files</Filter>
    </ClCompile>
    <ClCompile Include="dfgTestPhysics.cpp">
      <Filter>Source Files</Filter>
    </ClCompile>
    <ClCompile Include="dfgTestRand.cpp">
      <Filter>Source Files</Filter>
    </ClCompile>
    <ClCompile Include="dfgTestStr.cpp">
      <Filter>Source Files</Filter>
    </ClCompile>
    <ClCompile Include="dfgTestIo.cpp">
      <Filter>Source Files</Filter>
    </ClCompile>
    <ClCompile Include="dfgTestIoDelimitedTextReader.cpp">
      <Filter>Source Files</Filter>
    </ClCompile>
    <ClCompile Include="dfgTestIoDelimitedTextWriter.cpp">
      <Filter>Source Files</Filter>
    </ClCompile>
    <ClCompile Include="dfgTestUtf.cpp">
      <Filter>Source Files</Filter>
    </ClCompile>
    <ClCompile Include="dfgTestOs.cpp">
      <Filter>Source Files</Filter>
    </ClCompile>
    <ClCompile Include="..\dfg\dfgCppAll.cpp">
      <Filter>Source Files</Filter>
    </ClCompile>
    <ClCompile Include="dfgTestColour.cpp">
      <Filter>Source Files</Filter>
    </ClCompile>
    <ClCompile Include="dfgTestCrypt.cpp">
      <Filter>Source Files</Filter>
    </ClCompile>
    <ClCompile Include="dfgTestIncludeAll.cpp">
      <Filter>Source Files</Filter>
    </ClCompile>
    <ClCompile Include="dfgTestCsvPerformance.cpp">
      <Filter>Source Files</Filter>
    </ClCompile>
    <ClCompile Include="dfgTestTime.cpp">
      <Filter>Source Files</Filter>
    </ClCompile>
    <ClCompile Include="dfgTestContMapVectorPerformance.cpp">
      <Filter>Source Files</Filter>
    </ClCompile>
    <ClCompile Include="dfgTestCont_tables.cpp">
      <Filter>Source Files</Filter>
    </ClCompile>
    <ClCompile Include="dfgTestCharts.cpp">
      <Filter>Source Files</Filter>
    </ClCompile>
    <ClCompile Include="dfgTestCont_MapSetVector.cpp">
      <Filter>Source Files</Filter>
    </ClCompile>
  </ItemGroup>
  <ItemGroup>
    <None Include="cpp.hint" />
  </ItemGroup>
</Project>